
Microsoft Visual Studio Solution File, Format Version 12.00
# Visual Studio Version 16
VisualStudioVersion = 16.0.29728.190
MinimumVisualStudioVersion = 10.0.40219.1
Project("{9A19103F-16F7-4668-BE54-9A1E7A4F7556}") = "HR.API", "api\HR.API.csproj", "{8FC8EA28-131B-4415-8BBA-C4A82FC9C78F}"
EndProject
Project("{9A19103F-16F7-4668-BE54-9A1E7A4F7556}") = "HR.Application", "application\HR.Application.csproj", "{9368CFB1-6DF5-4418-BDD2-6E5F27770D29}"
EndProject
Project("{9A19103F-16F7-4668-BE54-9A1E7A4F7556}") = "HR.Domain", "domain\HR.Domain.csproj", "{5C345670-9E09-473B-A3FA-709DA75D38F5}"
EndProject
Project("{9A19103F-16F7-4668-BE54-9A1E7A4F7556}") = "lib.common", "lib.common\lib.common.csproj", "{A994DF82-C073-4E15-A9B1-5C42F8E4D07D}"
EndProject
Project("{9A19103F-16F7-4668-BE54-9A1E7A4F7556}") = "HR.Infrastructure", "lib.infrastructure\HR.Infrastructure.csproj", "{EEC1EFBC-A871-4034-90BE-AB58C63BD0A1}"
EndProject
Project("{9A19103F-16F7-4668-BE54-9A1E7A4F7556}") = "HR.Test", "lib.test\HR.Test.csproj", "{79E835E6-35AA-4250-96AC-DBC7D4E5B766}"
EndProject
Project("{9A19103F-16F7-4668-BE54-9A1E7A4F7556}") = "HR.Persistence", "persistence\HR.Persistence.csproj", "{7F09FAB9-EDA5-4E9B-B303-1DF26C793152}"
EndProject
Project("{2150E333-8FDC-42A3-9474-1A3956D46DE8}") = "HR", "HR", "{E7288C16-AF2E-4FDB-A51F-85B9D3447B91}"
EndProject
Project("{2150E333-8FDC-42A3-9474-1A3956D46DE8}") = "Authentication", "Authentication", "{EC193089-30F0-4E51-9AB2-4CDA7643F575}"
EndProject
Project("{9A19103F-16F7-4668-BE54-9A1E7A4F7556}") = "auth.api", "_auth\auth.api.csproj", "{D1AA5528-5AD3-4266-8F5E-1F0FA78135F3}"
EndProject
Project("{FAE04EC0-301F-11D3-BF4B-00C04F79EFBC}") = "WebApplication1", "WebApplication1\WebApplication1.csproj", "{396AA84D-6F90-432F-86C6-3E5C5906FEDF}"
EndProject
Global
	GlobalSection(SolutionConfigurationPlatforms) = preSolution
		Debug|Any CPU = Debug|Any CPU
		Debug|iPhone = Debug|iPhone
		Debug|iPhoneSimulator = Debug|iPhoneSimulator
		Release|Any CPU = Release|Any CPU
		Release|iPhone = Release|iPhone
		Release|iPhoneSimulator = Release|iPhoneSimulator
	EndGlobalSection
	GlobalSection(ProjectConfigurationPlatforms) = postSolution
		{8FC8EA28-131B-4415-8BBA-C4A82FC9C78F}.Debug|Any CPU.ActiveCfg = Debug|Any CPU
		{8FC8EA28-131B-4415-8BBA-C4A82FC9C78F}.Debug|Any CPU.Build.0 = Debug|Any CPU
		{8FC8EA28-131B-4415-8BBA-C4A82FC9C78F}.Debug|iPhone.ActiveCfg = Debug|Any CPU
		{8FC8EA28-131B-4415-8BBA-C4A82FC9C78F}.Debug|iPhone.Build.0 = Debug|Any CPU
		{8FC8EA28-131B-4415-8BBA-C4A82FC9C78F}.Debug|iPhoneSimulator.ActiveCfg = Debug|Any CPU
		{8FC8EA28-131B-4415-8BBA-C4A82FC9C78F}.Debug|iPhoneSimulator.Build.0 = Debug|Any CPU
		{8FC8EA28-131B-4415-8BBA-C4A82FC9C78F}.Release|Any CPU.ActiveCfg = Release|Any CPU
		{8FC8EA28-131B-4415-8BBA-C4A82FC9C78F}.Release|Any CPU.Build.0 = Release|Any CPU
		{8FC8EA28-131B-4415-8BBA-C4A82FC9C78F}.Release|iPhone.ActiveCfg = Release|Any CPU
		{8FC8EA28-131B-4415-8BBA-C4A82FC9C78F}.Release|iPhone.Build.0 = Release|Any CPU
		{8FC8EA28-131B-4415-8BBA-C4A82FC9C78F}.Release|iPhoneSimulator.ActiveCfg = Release|Any CPU
		{8FC8EA28-131B-4415-8BBA-C4A82FC9C78F}.Release|iPhoneSimulator.Build.0 = Release|Any CPU
		{9368CFB1-6DF5-4418-BDD2-6E5F27770D29}.Debug|Any CPU.ActiveCfg = Debug|Any CPU
		{9368CFB1-6DF5-4418-BDD2-6E5F27770D29}.Debug|Any CPU.Build.0 = Debug|Any CPU
		{9368CFB1-6DF5-4418-BDD2-6E5F27770D29}.Debug|iPhone.ActiveCfg = Debug|Any CPU
		{9368CFB1-6DF5-4418-BDD2-6E5F27770D29}.Debug|iPhone.Build.0 = Debug|Any CPU
		{9368CFB1-6DF5-4418-BDD2-6E5F27770D29}.Debug|iPhoneSimulator.ActiveCfg = Debug|Any CPU
		{9368CFB1-6DF5-4418-BDD2-6E5F27770D29}.Debug|iPhoneSimulator.Build.0 = Debug|Any CPU
		{9368CFB1-6DF5-4418-BDD2-6E5F27770D29}.Release|Any CPU.ActiveCfg = Release|Any CPU
		{9368CFB1-6DF5-4418-BDD2-6E5F27770D29}.Release|Any CPU.Build.0 = Release|Any CPU
		{9368CFB1-6DF5-4418-BDD2-6E5F27770D29}.Release|iPhone.ActiveCfg = Release|Any CPU
		{9368CFB1-6DF5-4418-BDD2-6E5F27770D29}.Release|iPhone.Build.0 = Release|Any CPU
		{9368CFB1-6DF5-4418-BDD2-6E5F27770D29}.Release|iPhoneSimulator.ActiveCfg = Release|Any CPU
		{9368CFB1-6DF5-4418-BDD2-6E5F27770D29}.Release|iPhoneSimulator.Build.0 = Release|Any CPU
		{5C345670-9E09-473B-A3FA-709DA75D38F5}.Debug|Any CPU.ActiveCfg = Debug|Any CPU
		{5C345670-9E09-473B-A3FA-709DA75D38F5}.Debug|Any CPU.Build.0 = Debug|Any CPU
		{5C345670-9E09-473B-A3FA-709DA75D38F5}.Debug|iPhone.ActiveCfg = Debug|Any CPU
		{5C345670-9E09-473B-A3FA-709DA75D38F5}.Debug|iPhone.Build.0 = Debug|Any CPU
		{5C345670-9E09-473B-A3FA-709DA75D38F5}.Debug|iPhoneSimulator.ActiveCfg = Debug|Any CPU
		{5C345670-9E09-473B-A3FA-709DA75D38F5}.Debug|iPhoneSimulator.Build.0 = Debug|Any CPU
		{5C345670-9E09-473B-A3FA-709DA75D38F5}.Release|Any CPU.ActiveCfg = Release|Any CPU
		{5C345670-9E09-473B-A3FA-709DA75D38F5}.Release|Any CPU.Build.0 = Release|Any CPU
		{5C345670-9E09-473B-A3FA-709DA75D38F5}.Release|iPhone.ActiveCfg = Release|Any CPU
		{5C345670-9E09-473B-A3FA-709DA75D38F5}.Release|iPhone.Build.0 = Release|Any CPU
		{5C345670-9E09-473B-A3FA-709DA75D38F5}.Release|iPhoneSimulator.ActiveCfg = Release|Any CPU
		{5C345670-9E09-473B-A3FA-709DA75D38F5}.Release|iPhoneSimulator.Build.0 = Release|Any CPU
		{A994DF82-C073-4E15-A9B1-5C42F8E4D07D}.Debug|Any CPU.ActiveCfg = Debug|Any CPU
		{A994DF82-C073-4E15-A9B1-5C42F8E4D07D}.Debug|Any CPU.Build.0 = Debug|Any CPU
		{A994DF82-C073-4E15-A9B1-5C42F8E4D07D}.Debug|iPhone.ActiveCfg = Debug|Any CPU
		{A994DF82-C073-4E15-A9B1-5C42F8E4D07D}.Debug|iPhone.Build.0 = Debug|Any CPU
		{A994DF82-C073-4E15-A9B1-5C42F8E4D07D}.Debug|iPhoneSimulator.ActiveCfg = Debug|Any CPU
		{A994DF82-C073-4E15-A9B1-5C42F8E4D07D}.Debug|iPhoneSimulator.Build.0 = Debug|Any CPU
		{A994DF82-C073-4E15-A9B1-5C42F8E4D07D}.Release|Any CPU.ActiveCfg = Release|Any CPU
		{A994DF82-C073-4E15-A9B1-5C42F8E4D07D}.Release|Any CPU.Build.0 = Release|Any CPU
		{A994DF82-C073-4E15-A9B1-5C42F8E4D07D}.Release|iPhone.ActiveCfg = Release|Any CPU
		{A994DF82-C073-4E15-A9B1-5C42F8E4D07D}.Release|iPhone.Build.0 = Release|Any CPU
		{A994DF82-C073-4E15-A9B1-5C42F8E4D07D}.Release|iPhoneSimulator.ActiveCfg = Release|Any CPU
		{A994DF82-C073-4E15-A9B1-5C42F8E4D07D}.Release|iPhoneSimulator.Build.0 = Release|Any CPU
		{EEC1EFBC-A871-4034-90BE-AB58C63BD0A1}.Debug|Any CPU.ActiveCfg = Debug|Any CPU
		{EEC1EFBC-A871-4034-90BE-AB58C63BD0A1}.Debug|Any CPU.Build.0 = Debug|Any CPU
		{EEC1EFBC-A871-4034-90BE-AB58C63BD0A1}.Debug|iPhone.ActiveCfg = Debug|Any CPU
		{EEC1EFBC-A871-4034-90BE-AB58C63BD0A1}.Debug|iPhone.Build.0 = Debug|Any CPU
		{EEC1EFBC-A871-4034-90BE-AB58C63BD0A1}.Debug|iPhoneSimulator.ActiveCfg = Debug|Any CPU
		{EEC1EFBC-A871-4034-90BE-AB58C63BD0A1}.Debug|iPhoneSimulator.Build.0 = Debug|Any CPU
		{EEC1EFBC-A871-4034-90BE-AB58C63BD0A1}.Release|Any CPU.ActiveCfg = Release|Any CPU
		{EEC1EFBC-A871-4034-90BE-AB58C63BD0A1}.Release|Any CPU.Build.0 = Release|Any CPU
		{EEC1EFBC-A871-4034-90BE-AB58C63BD0A1}.Release|iPhone.ActiveCfg = Release|Any CPU
		{EEC1EFBC-A871-4034-90BE-AB58C63BD0A1}.Release|iPhone.Build.0 = Release|Any CPU
		{EEC1EFBC-A871-4034-90BE-AB58C63BD0A1}.Release|iPhoneSimulator.ActiveCfg = Release|Any CPU
		{EEC1EFBC-A871-4034-90BE-AB58C63BD0A1}.Release|iPhoneSimulator.Build.0 = Release|Any CPU
		{79E835E6-35AA-4250-96AC-DBC7D4E5B766}.Debug|Any CPU.ActiveCfg = Debug|Any CPU
		{79E835E6-35AA-4250-96AC-DBC7D4E5B766}.Debug|Any CPU.Build.0 = Debug|Any CPU
		{79E835E6-35AA-4250-96AC-DBC7D4E5B766}.Debug|iPhone.ActiveCfg = Debug|Any CPU
		{79E835E6-35AA-4250-96AC-DBC7D4E5B766}.Debug|iPhone.Build.0 = Debug|Any CPU
		{79E835E6-35AA-4250-96AC-DBC7D4E5B766}.Debug|iPhoneSimulator.ActiveCfg = Debug|Any CPU
		{79E835E6-35AA-4250-96AC-DBC7D4E5B766}.Debug|iPhoneSimulator.Build.0 = Debug|Any CPU
		{79E835E6-35AA-4250-96AC-DBC7D4E5B766}.Release|Any CPU.ActiveCfg = Release|Any CPU
		{79E835E6-35AA-4250-96AC-DBC7D4E5B766}.Release|Any CPU.Build.0 = Release|Any CPU
		{79E835E6-35AA-4250-96AC-DBC7D4E5B766}.Release|iPhone.ActiveCfg = Release|Any CPU
		{79E835E6-35AA-4250-96AC-DBC7D4E5B766}.Release|iPhone.Build.0 = Release|Any CPU
		{79E835E6-35AA-4250-96AC-DBC7D4E5B766}.Release|iPhoneSimulator.ActiveCfg = Release|Any CPU
		{79E835E6-35AA-4250-96AC-DBC7D4E5B766}.Release|iPhoneSimulator.Build.0 = Release|Any CPU
		{7F09FAB9-EDA5-4E9B-B303-1DF26C793152}.Debug|Any CPU.ActiveCfg = Debug|Any CPU
		{7F09FAB9-EDA5-4E9B-B303-1DF26C793152}.Debug|Any CPU.Build.0 = Debug|Any CPU
		{7F09FAB9-EDA5-4E9B-B303-1DF26C793152}.Debug|iPhone.ActiveCfg = Debug|Any CPU
		{7F09FAB9-EDA5-4E9B-B303-1DF26C793152}.Debug|iPhone.Build.0 = Debug|Any CPU
		{7F09FAB9-EDA5-4E9B-B303-1DF26C793152}.Debug|iPhoneSimulator.ActiveCfg = Debug|Any CPU
		{7F09FAB9-EDA5-4E9B-B303-1DF26C793152}.Debug|iPhoneSimulator.Build.0 = Debug|Any CPU
		{7F09FAB9-EDA5-4E9B-B303-1DF26C793152}.Release|Any CPU.ActiveCfg = Release|Any CPU
		{7F09FAB9-EDA5-4E9B-B303-1DF26C793152}.Release|Any CPU.Build.0 = Release|Any CPU
		{7F09FAB9-EDA5-4E9B-B303-1DF26C793152}.Release|iPhone.ActiveCfg = Release|Any CPU
		{7F09FAB9-EDA5-4E9B-B303-1DF26C793152}.Release|iPhone.Build.0 = Release|Any CPU
		{7F09FAB9-EDA5-4E9B-B303-1DF26C793152}.Release|iPhoneSimulator.ActiveCfg = Release|Any CPU
		{7F09FAB9-EDA5-4E9B-B303-1DF26C793152}.Release|iPhoneSimulator.Build.0 = Release|Any CPU
		{D1AA5528-5AD3-4266-8F5E-1F0FA78135F3}.Debug|Any CPU.ActiveCfg = Debug|Any CPU
		{D1AA5528-5AD3-4266-8F5E-1F0FA78135F3}.Debug|Any CPU.Build.0 = Debug|Any CPU
		{D1AA5528-5AD3-4266-8F5E-1F0FA78135F3}.Debug|iPhone.ActiveCfg = Debug|Any CPU
		{D1AA5528-5AD3-4266-8F5E-1F0FA78135F3}.Debug|iPhone.Build.0 = Debug|Any CPU
		{D1AA5528-5AD3-4266-8F5E-1F0FA78135F3}.Debug|iPhoneSimulator.ActiveCfg = Debug|Any CPU
		{D1AA5528-5AD3-4266-8F5E-1F0FA78135F3}.Debug|iPhoneSimulator.Build.0 = Debug|Any CPU
		{D1AA5528-5AD3-4266-8F5E-1F0FA78135F3}.Release|Any CPU.ActiveCfg = Release|Any CPU
		{D1AA5528-5AD3-4266-8F5E-1F0FA78135F3}.Release|Any CPU.Build.0 = Release|Any CPU
		{D1AA5528-5AD3-4266-8F5E-1F0FA78135F3}.Release|iPhone.ActiveCfg = Release|Any CPU
		{D1AA5528-5AD3-4266-8F5E-1F0FA78135F3}.Release|iPhone.Build.0 = Release|Any CPU
		{D1AA5528-5AD3-4266-8F5E-1F0FA78135F3}.Release|iPhoneSimulator.ActiveCfg = Release|Any CPU
		{D1AA5528-5AD3-4266-8F5E-1F0FA78135F3}.Release|iPhoneSimulator.Build.0 = Release|Any CPU
		{396AA84D-6F90-432F-86C6-3E5C5906FEDF}.Debug|Any CPU.ActiveCfg = Debug|Any CPU
		{396AA84D-6F90-432F-86C6-3E5C5906FEDF}.Debug|Any CPU.Build.0 = Debug|Any CPU
		{396AA84D-6F90-432F-86C6-3E5C5906FEDF}.Debug|iPhone.ActiveCfg = Debug|Any CPU
		{396AA84D-6F90-432F-86C6-3E5C5906FEDF}.Debug|iPhone.Build.0 = Debug|Any CPU
		{396AA84D-6F90-432F-86C6-3E5C5906FEDF}.Debug|iPhoneSimulator.ActiveCfg = Debug|Any CPU
		{396AA84D-6F90-432F-86C6-3E5C5906FEDF}.Debug|iPhoneSimulator.Build.0 = Debug|Any CPU
		{396AA84D-6F90-432F-86C6-3E5C5906FEDF}.Release|Any CPU.ActiveCfg = Release|Any CPU
		{396AA84D-6F90-432F-86C6-3E5C5906FEDF}.Release|Any CPU.Build.0 = Release|Any CPU
		{396AA84D-6F90-432F-86C6-3E5C5906FEDF}.Release|iPhone.ActiveCfg = Release|Any CPU
		{396AA84D-6F90-432F-86C6-3E5C5906FEDF}.Release|iPhone.Build.0 = Release|Any CPU
		{396AA84D-6F90-432F-86C6-3E5C5906FEDF}.Release|iPhoneSimulator.ActiveCfg = Release|Any CPU
		{396AA84D-6F90-432F-86C6-3E5C5906FEDF}.Release|iPhoneSimulator.Build.0 = Release|Any CPU
	EndGlobalSection
	GlobalSection(SolutionProperties) = preSolution
		HideSolutionNode = FALSE
	EndGlobalSection
	GlobalSection(NestedProjects) = preSolution
		{8FC8EA28-131B-4415-8BBA-C4A82FC9C78F} = {E7288C16-AF2E-4FDB-A51F-85B9D3447B91}
		{9368CFB1-6DF5-4418-BDD2-6E5F27770D29} = {E7288C16-AF2E-4FDB-A51F-85B9D3447B91}
		{5C345670-9E09-473B-A3FA-709DA75D38F5} = {E7288C16-AF2E-4FDB-A51F-85B9D3447B91}
		{EEC1EFBC-A871-4034-90BE-AB58C63BD0A1} = {E7288C16-AF2E-4FDB-A51F-85B9D3447B91}
		{79E835E6-35AA-4250-96AC-DBC7D4E5B766} = {E7288C16-AF2E-4FDB-A51F-85B9D3447B91}
		{7F09FAB9-EDA5-4E9B-B303-1DF26C793152} = {E7288C16-AF2E-4FDB-A51F-85B9D3447B91}
		{D1AA5528-5AD3-4266-8F5E-1F0FA78135F3} = {EC193089-30F0-4E51-9AB2-4CDA7643F575}
	EndGlobalSection
	GlobalSection(ExtensibilityGlobals) = postSolution
		SolutionGuid = {3398521A-FF6D-4734-A558-F4B2AB675F49}
	EndGlobalSection
EndGlobal
