
Microsoft Visual Studio Solution File, Format Version 12.00
# Visual Studio Version 16
VisualStudioVersion = 16.0.29728.190
MinimumVisualStudioVersion = 10.0.40219.1
Project("{9A19103F-16F7-4668-BE54-9A1E7A4F7556}") = "HR.API", "api\HR.API.csproj", "{8FC8EA28-131B-4415-8BBA-C4A82FC9C78F}"
EndProject
Project("{9A19103F-16F7-4668-BE54-9A1E7A4F7556}") = "HR.Application", "application\HR.Application.csproj", "{9368CFB1-6DF5-4418-BDD2-6E5F27770D29}"
EndProject
Project("{9A19103F-16F7-4668-BE54-9A1E7A4F7556}") = "HR.Domain", "domain\HR.Domain.csproj", "{5C345670-9E09-473B-A3FA-709DA75D38F5}"
EndProject
Project("{9A19103F-16F7-4668-BE54-9A1E7A4F7556}") = "lib.common", "lib.common\lib.common.csproj", "{A994DF82-C073-4E15-A9B1-5C42F8E4D07D}"
EndProject
Project("{9A19103F-16F7-4668-BE54-9A1E7A4F7556}") = "HR.Infrastructure", "lib.infrastructure\HR.Infrastructure.csproj", "{EEC1EFBC-A871-4034-90BE-AB58C63BD0A1}"
EndProject
Project("{9A19103F-16F7-4668-BE54-9A1E7A4F7556}") = "HR.Test", "lib.test\HR.Test.csproj", "{79E835E6-35AA-4250-96AC-DBC7D4E5B766}"
EndProject
Project("{9A19103F-16F7-4668-BE54-9A1E7A4F7556}") = "HR.Persistence", "persistence\HR.Persistence.csproj", "{7F09FAB9-EDA5-4E9B-B303-1DF26C793152}"
EndProject
Project("{FAE04EC0-301F-11D3-BF4B-00C04F79EFBC}") = "web_admin", "web_admin\web_admin.csproj", "{66AB6216-8B79-4269-A58B-E79BF34A9692}"
EndProject
Project("{2150E333-8FDC-42A3-9474-1A3956D46DE8}") = "HR", "HR", "{E7288C16-AF2E-4FDB-A51F-85B9D3447B91}"
EndProject
Project("{2150E333-8FDC-42A3-9474-1A3956D46DE8}") = "Authentication", "Authentication", "{EC193089-30F0-4E51-9AB2-4CDA7643F575}"
EndProject
Project("{9A19103F-16F7-4668-BE54-9A1E7A4F7556}") = "Auth.API", "_auth\api\Auth.API.csproj", "{CAB612B1-F0EC-420C-B38C-45636C7B2DE8}"
EndProject
Project("{9A19103F-16F7-4668-BE54-9A1E7A4F7556}") = "Auth.Application", "_auth\application\Auth.Application.csproj", "{E4F2992B-AECA-411D-8257-60D4E22D5543}"
EndProject
Project("{9A19103F-16F7-4668-BE54-9A1E7A4F7556}") = "Auth.Domain", "_auth\domain\Auth.Domain.csproj", "{A238930C-089E-49B9-9598-8ECE17132D0B}"
EndProject
Project("{9A19103F-16F7-4668-BE54-9A1E7A4F7556}") = "Auth.Infrastructure", "_auth\lib.infrastructure\Auth.Infrastructure.csproj", "{0AAD8292-B17A-4268-8F24-89728490F183}"
EndProject
Project("{9A19103F-16F7-4668-BE54-9A1E7A4F7556}") = "Auth.Persistence", "_auth\persistence\Auth.Persistence.csproj", "{8DC6137A-AB8A-4EAA-8B02-028798FD5940}"
EndProject
Project("{9A19103F-16F7-4668-BE54-9A1E7A4F7556}") = "Auth.Test", "_auth\lib.test\Auth.Test.csproj", "{AE77E72A-6847-46DD-8C26-5998B23D6630}"
EndProject
Global
	GlobalSection(SolutionConfigurationPlatforms) = preSolution
		Debug|Any CPU = Debug|Any CPU
		Release|Any CPU = Release|Any CPU
	EndGlobalSection
	GlobalSection(ProjectConfigurationPlatforms) = postSolution
		{8FC8EA28-131B-4415-8BBA-C4A82FC9C78F}.Debug|Any CPU.ActiveCfg = Debug|Any CPU
		{8FC8EA28-131B-4415-8BBA-C4A82FC9C78F}.Debug|Any CPU.Build.0 = Debug|Any CPU
		{8FC8EA28-131B-4415-8BBA-C4A82FC9C78F}.Release|Any CPU.ActiveCfg = Release|Any CPU
		{8FC8EA28-131B-4415-8BBA-C4A82FC9C78F}.Release|Any CPU.Build.0 = Release|Any CPU
		{9368CFB1-6DF5-4418-BDD2-6E5F27770D29}.Debug|Any CPU.ActiveCfg = Debug|Any CPU
		{9368CFB1-6DF5-4418-BDD2-6E5F27770D29}.Debug|Any CPU.Build.0 = Debug|Any CPU
		{9368CFB1-6DF5-4418-BDD2-6E5F27770D29}.Release|Any CPU.ActiveCfg = Release|Any CPU
		{9368CFB1-6DF5-4418-BDD2-6E5F27770D29}.Release|Any CPU.Build.0 = Release|Any CPU
		{5C345670-9E09-473B-A3FA-709DA75D38F5}.Debug|Any CPU.ActiveCfg = Debug|Any CPU
		{5C345670-9E09-473B-A3FA-709DA75D38F5}.Debug|Any CPU.Build.0 = Debug|Any CPU
		{5C345670-9E09-473B-A3FA-709DA75D38F5}.Release|Any CPU.ActiveCfg = Release|Any CPU
		{5C345670-9E09-473B-A3FA-709DA75D38F5}.Release|Any CPU.Build.0 = Release|Any CPU
		{A994DF82-C073-4E15-A9B1-5C42F8E4D07D}.Debug|Any CPU.ActiveCfg = Debug|Any CPU
		{A994DF82-C073-4E15-A9B1-5C42F8E4D07D}.Debug|Any CPU.Build.0 = Debug|Any CPU
		{A994DF82-C073-4E15-A9B1-5C42F8E4D07D}.Release|Any CPU.ActiveCfg = Release|Any CPU
		{A994DF82-C073-4E15-A9B1-5C42F8E4D07D}.Release|Any CPU.Build.0 = Release|Any CPU
		{EEC1EFBC-A871-4034-90BE-AB58C63BD0A1}.Debug|Any CPU.ActiveCfg = Debug|Any CPU
		{EEC1EFBC-A871-4034-90BE-AB58C63BD0A1}.Debug|Any CPU.Build.0 = Debug|Any CPU
		{EEC1EFBC-A871-4034-90BE-AB58C63BD0A1}.Release|Any CPU.ActiveCfg = Release|Any CPU
		{EEC1EFBC-A871-4034-90BE-AB58C63BD0A1}.Release|Any CPU.Build.0 = Release|Any CPU
		{79E835E6-35AA-4250-96AC-DBC7D4E5B766}.Debug|Any CPU.ActiveCfg = Debug|Any CPU
		{79E835E6-35AA-4250-96AC-DBC7D4E5B766}.Debug|Any CPU.Build.0 = Debug|Any CPU
		{79E835E6-35AA-4250-96AC-DBC7D4E5B766}.Release|Any CPU.ActiveCfg = Release|Any CPU
		{79E835E6-35AA-4250-96AC-DBC7D4E5B766}.Release|Any CPU.Build.0 = Release|Any CPU
		{7F09FAB9-EDA5-4E9B-B303-1DF26C793152}.Debug|Any CPU.ActiveCfg = Debug|Any CPU
		{7F09FAB9-EDA5-4E9B-B303-1DF26C793152}.Debug|Any CPU.Build.0 = Debug|Any CPU
		{7F09FAB9-EDA5-4E9B-B303-1DF26C793152}.Release|Any CPU.ActiveCfg = Release|Any CPU
		{7F09FAB9-EDA5-4E9B-B303-1DF26C793152}.Release|Any CPU.Build.0 = Release|Any CPU
		{66AB6216-8B79-4269-A58B-E79BF34A9692}.Debug|Any CPU.ActiveCfg = Debug|Any CPU
		{66AB6216-8B79-4269-A58B-E79BF34A9692}.Debug|Any CPU.Build.0 = Debug|Any CPU
		{66AB6216-8B79-4269-A58B-E79BF34A9692}.Release|Any CPU.ActiveCfg = Release|Any CPU
		{66AB6216-8B79-4269-A58B-E79BF34A9692}.Release|Any CPU.Build.0 = Release|Any CPU
		{CAB612B1-F0EC-420C-B38C-45636C7B2DE8}.Debug|Any CPU.ActiveCfg = Debug|Any CPU
		{CAB612B1-F0EC-420C-B38C-45636C7B2DE8}.Debug|Any CPU.Build.0 = Debug|Any CPU
		{CAB612B1-F0EC-420C-B38C-45636C7B2DE8}.Release|Any CPU.ActiveCfg = Release|Any CPU
		{CAB612B1-F0EC-420C-B38C-45636C7B2DE8}.Release|Any CPU.Build.0 = Release|Any CPU
		{E4F2992B-AECA-411D-8257-60D4E22D5543}.Debug|Any CPU.ActiveCfg = Debug|Any CPU
		{E4F2992B-AECA-411D-8257-60D4E22D5543}.Debug|Any CPU.Build.0 = Debug|Any CPU
		{E4F2992B-AECA-411D-8257-60D4E22D5543}.Release|Any CPU.ActiveCfg = Release|Any CPU
		{E4F2992B-AECA-411D-8257-60D4E22D5543}.Release|Any CPU.Build.0 = Release|Any CPU
		{A238930C-089E-49B9-9598-8ECE17132D0B}.Debug|Any CPU.ActiveCfg = Debug|Any CPU
		{A238930C-089E-49B9-9598-8ECE17132D0B}.Debug|Any CPU.Build.0 = Debug|Any CPU
		{A238930C-089E-49B9-9598-8ECE17132D0B}.Release|Any CPU.ActiveCfg = Release|Any CPU
		{A238930C-089E-49B9-9598-8ECE17132D0B}.Release|Any CPU.Build.0 = Release|Any CPU
		{0AAD8292-B17A-4268-8F24-89728490F183}.Debug|Any CPU.ActiveCfg = Debug|Any CPU
		{0AAD8292-B17A-4268-8F24-89728490F183}.Debug|Any CPU.Build.0 = Debug|Any CPU
		{0AAD8292-B17A-4268-8F24-89728490F183}.Release|Any CPU.ActiveCfg = Release|Any CPU
		{0AAD8292-B17A-4268-8F24-89728490F183}.Release|Any CPU.Build.0 = Release|Any CPU
		{8DC6137A-AB8A-4EAA-8B02-028798FD5940}.Debug|Any CPU.ActiveCfg = Debug|Any CPU
		{8DC6137A-AB8A-4EAA-8B02-028798FD5940}.Debug|Any CPU.Build.0 = Debug|Any CPU
		{8DC6137A-AB8A-4EAA-8B02-028798FD5940}.Release|Any CPU.ActiveCfg = Release|Any CPU
		{8DC6137A-AB8A-4EAA-8B02-028798FD5940}.Release|Any CPU.Build.0 = Release|Any CPU
		{AE77E72A-6847-46DD-8C26-5998B23D6630}.Debug|Any CPU.ActiveCfg = Debug|Any CPU
		{AE77E72A-6847-46DD-8C26-5998B23D6630}.Debug|Any CPU.Build.0 = Debug|Any CPU
		{AE77E72A-6847-46DD-8C26-5998B23D6630}.Release|Any CPU.ActiveCfg = Release|Any CPU
		{AE77E72A-6847-46DD-8C26-5998B23D6630}.Release|Any CPU.Build.0 = Release|Any CPU
	EndGlobalSection
	GlobalSection(SolutionProperties) = preSolution
		HideSolutionNode = FALSE
	EndGlobalSection
	GlobalSection(NestedProjects) = preSolution
		{8FC8EA28-131B-4415-8BBA-C4A82FC9C78F} = {E7288C16-AF2E-4FDB-A51F-85B9D3447B91}
		{9368CFB1-6DF5-4418-BDD2-6E5F27770D29} = {E7288C16-AF2E-4FDB-A51F-85B9D3447B91}
		{5C345670-9E09-473B-A3FA-709DA75D38F5} = {E7288C16-AF2E-4FDB-A51F-85B9D3447B91}
		{EEC1EFBC-A871-4034-90BE-AB58C63BD0A1} = {E7288C16-AF2E-4FDB-A51F-85B9D3447B91}
		{79E835E6-35AA-4250-96AC-DBC7D4E5B766} = {E7288C16-AF2E-4FDB-A51F-85B9D3447B91}
		{7F09FAB9-EDA5-4E9B-B303-1DF26C793152} = {E7288C16-AF2E-4FDB-A51F-85B9D3447B91}
		{CAB612B1-F0EC-420C-B38C-45636C7B2DE8} = {EC193089-30F0-4E51-9AB2-4CDA7643F575}
		{E4F2992B-AECA-411D-8257-60D4E22D5543} = {EC193089-30F0-4E51-9AB2-4CDA7643F575}
		{A238930C-089E-49B9-9598-8ECE17132D0B} = {EC193089-30F0-4E51-9AB2-4CDA7643F575}
		{0AAD8292-B17A-4268-8F24-89728490F183} = {EC193089-30F0-4E51-9AB2-4CDA7643F575}
		{8DC6137A-AB8A-4EAA-8B02-028798FD5940} = {EC193089-30F0-4E51-9AB2-4CDA7643F575}
		{AE77E72A-6847-46DD-8C26-5998B23D6630} = {EC193089-30F0-4E51-9AB2-4CDA7643F575}
	EndGlobalSection
	GlobalSection(ExtensibilityGlobals) = postSolution
		SolutionGuid = {3398521A-FF6D-4734-A558-F4B2AB675F49}
	EndGlobalSection
EndGlobal
